
Microsoft Visual Studio Solution File, Format Version 12.00
# Visual Studio 15
VisualStudioVersion = 15.0.28307.168
MinimumVisualStudioVersion = 10.0.40219.1
Project("{F184B08F-C81C-45F6-A57F-5ABD9991F28F}") = "Munch", "Munch.vbproj", "{ADC61530-140E-4DB5-82D3-9932BDA062A1}"
EndProject
Global
	GlobalSection(SolutionConfigurationPlatforms) = preSolution
		Debug|Any CPU = Debug|Any CPU
		Release|Any CPU = Release|Any CPU
	EndGlobalSection
	GlobalSection(ProjectConfigurationPlatforms) = postSolution
		{ADC61530-140E-4DB5-82D3-9932BDA062A1}.Debug|Any CPU.ActiveCfg = Debug|Any CPU
		{ADC61530-140E-4DB5-82D3-9932BDA062A1}.Debug|Any CPU.Build.0 = Debug|Any CPU
		{ADC61530-140E-4DB5-82D3-9932BDA062A1}.Release|Any CPU.ActiveCfg = Release|Any CPU
		{ADC61530-140E-4DB5-82D3-9932BDA062A1}.Release|Any CPU.Build.0 = Release|Any CPU
	EndGlobalSection
	GlobalSection(SolutionProperties) = preSolution
		HideSolutionNode = FALSE
	EndGlobalSection
	GlobalSection(ExtensibilityGlobals) = postSolution
		SolutionGuid = {DBC743EB-2A32-4E7E-9E09-2D1CEAEF4360}
	EndGlobalSection
EndGlobal
